
Microsoft Visual Studio Solution File, Format Version 12.00
# Visual Studio Version 17
VisualStudioVersion = 17.9.34622.214
MinimumVisualStudioVersion = 10.0.40219.1
Project("{FAE04EC0-301F-11D3-BF4B-00C04F79EFBC}") = "WebApplication1", "WebApplication1.csproj", "{4159B5C8-D425-448C-A9F6-06703FD5F339}"
EndProject
Global
	GlobalSection(SolutionConfigurationPlatforms) = preSolution
		Debug|Any CPU = Debug|Any CPU
		Release|Any CPU = Release|Any CPU
	EndGlobalSection
	GlobalSection(ProjectConfigurationPlatforms) = postSolution
		{4159B5C8-D425-448C-A9F6-06703FD5F339}.Debug|Any CPU.ActiveCfg = Debug|Any CPU
		{4159B5C8-D425-448C-A9F6-06703FD5F339}.Debug|Any CPU.Build.0 = Debug|Any CPU
		{4159B5C8-D425-448C-A9F6-06703FD5F339}.Release|Any CPU.ActiveCfg = Release|Any CPU
		{4159B5C8-D425-448C-A9F6-06703FD5F339}.Release|Any CPU.Build.0 = Release|Any CPU
	EndGlobalSection
	GlobalSection(SolutionProperties) = preSolution
		HideSolutionNode = FALSE
	EndGlobalSection
	GlobalSection(ExtensibilityGlobals) = postSolution
		SolutionGuid = {234C91D2-E99F-4853-9549-2DD78711D04B}
	EndGlobalSection
EndGlobal
